// !$*UTF8*$!
{
	archiveVersion = 1;
	classes = {
	};
	objectVersion = 55;
	objects = {

/* Begin PBXBuildFile section */
		F25172942802395F0041FB5D /* Fundr_appApp.swift in Sources */ = {isa = PBXBuildFile; fileRef = F25172932802395F0041FB5D /* Fundr_appApp.swift */; };
		F25172962802395F0041FB5D /* ContentView.swift in Sources */ = {isa = PBXBuildFile; fileRef = F25172952802395F0041FB5D /* ContentView.swift */; };
		F25172982802395F0041FB5D /* Assets.xcassets in Resources */ = {isa = PBXBuildFile; fileRef = F25172972802395F0041FB5D /* Assets.xcassets */; };
		F251729B2802395F0041FB5D /* Preview Assets.xcassets in Resources */ = {isa = PBXBuildFile; fileRef = F251729A2802395F0041FB5D /* Preview Assets.xcassets */; };
		F25172B828025CA10041FB5D /* Poppins-ExtraLight.ttf in Resources */ = {isa = PBXBuildFile; fileRef = F25172A628025CA10041FB5D /* Poppins-ExtraLight.ttf */; };
		F25172B928025CA10041FB5D /* Poppins-ThinItalic.ttf in Resources */ = {isa = PBXBuildFile; fileRef = F25172A728025CA10041FB5D /* Poppins-ThinItalic.ttf */; };
		F25172BA28025CA10041FB5D /* Poppins-ExtraLightItalic.ttf in Resources */ = {isa = PBXBuildFile; fileRef = F25172A828025CA10041FB5D /* Poppins-ExtraLightItalic.ttf */; };
		F25172BB28025CA10041FB5D /* Poppins-BoldItalic.ttf in Resources */ = {isa = PBXBuildFile; fileRef = F25172A928025CA10041FB5D /* Poppins-BoldItalic.ttf */; };
		F25172BC28025CA10041FB5D /* Poppins-Light.ttf in Resources */ = {isa = PBXBuildFile; fileRef = F25172AA28025CA10041FB5D /* Poppins-Light.ttf */; };
		F25172BD28025CA10041FB5D /* Poppins-Medium.ttf in Resources */ = {isa = PBXBuildFile; fileRef = F25172AB28025CA10041FB5D /* Poppins-Medium.ttf */; };
		F25172BE28025CA10041FB5D /* Poppins-SemiBoldItalic.ttf in Resources */ = {isa = PBXBuildFile; fileRef = F25172AC28025CA10041FB5D /* Poppins-SemiBoldItalic.ttf */; };
		F25172BF28025CA10041FB5D /* Poppins-ExtraBoldItalic.ttf in Resources */ = {isa = PBXBuildFile; fileRef = F25172AD28025CA10041FB5D /* Poppins-ExtraBoldItalic.ttf */; };
		F25172C028025CA10041FB5D /* Poppins-ExtraBold.ttf in Resources */ = {isa = PBXBuildFile; fileRef = F25172AE28025CA10041FB5D /* Poppins-ExtraBold.ttf */; };
		F25172C128025CA10041FB5D /* Poppins-BlackItalic.ttf in Resources */ = {isa = PBXBuildFile; fileRef = F25172AF28025CA10041FB5D /* Poppins-BlackItalic.ttf */; };
		F25172C228025CA10041FB5D /* Poppins-Regular.ttf in Resources */ = {isa = PBXBuildFile; fileRef = F25172B028025CA10041FB5D /* Poppins-Regular.ttf */; };
		F25172C328025CA10041FB5D /* Poppins-LightItalic.ttf in Resources */ = {isa = PBXBuildFile; fileRef = F25172B128025CA10041FB5D /* Poppins-LightItalic.ttf */; };
		F25172C428025CA10041FB5D /* Poppins-Bold.ttf in Resources */ = {isa = PBXBuildFile; fileRef = F25172B228025CA10041FB5D /* Poppins-Bold.ttf */; };
		F25172C528025CA10041FB5D /* Poppins-Black.ttf in Resources */ = {isa = PBXBuildFile; fileRef = F25172B328025CA10041FB5D /* Poppins-Black.ttf */; };
		F25172C628025CA10041FB5D /* Poppins-Thin.ttf in Resources */ = {isa = PBXBuildFile; fileRef = F25172B428025CA10041FB5D /* Poppins-Thin.ttf */; };
		F25172C728025CA10041FB5D /* Poppins-SemiBold.ttf in Resources */ = {isa = PBXBuildFile; fileRef = F25172B528025CA10041FB5D /* Poppins-SemiBold.ttf */; };
		F25172C828025CA10041FB5D /* Poppins-Italic.ttf in Resources */ = {isa = PBXBuildFile; fileRef = F25172B628025CA10041FB5D /* Poppins-Italic.ttf */; };
		F25172C928025CA10041FB5D /* Poppins-MediumItalic.ttf in Resources */ = {isa = PBXBuildFile; fileRef = F25172B728025CA10041FB5D /* Poppins-MediumItalic.ttf */; };
		F25172CB28025DA80041FB5D /* avatar-29.png in Resources */ = {isa = PBXBuildFile; fileRef = F25172CA28025DA80041FB5D /* avatar-29.png */; };
		F25172CE280268090041FB5D /* company_card.swift in Sources */ = {isa = PBXBuildFile; fileRef = F25172CD280268090041FB5D /* company_card.swift */; };
		F25172D0280270BA0041FB5D /* data.swift in Sources */ = {isa = PBXBuildFile; fileRef = F25172CF280270BA0041FB5D /* data.swift */; };
		F25172D22802724E0041FB5D /* network.swift in Sources */ = {isa = PBXBuildFile; fileRef = F25172D12802724E0041FB5D /* network.swift */; };
		F25172D42802A7310041FB5D /* bezos.jpg in Resources */ = {isa = PBXBuildFile; fileRef = F25172D32802A7310041FB5D /* bezos.jpg */; };
/* End PBXBuildFile section */

/* Begin PBXFileReference section */
		F25172902802395F0041FB5D /* Fundr-app.app */ = {isa = PBXFileReference; explicitFileType = wrapper.application; includeInIndex = 0; path = "Fundr-app.app"; sourceTree = BUILT_PRODUCTS_DIR; };
		F25172932802395F0041FB5D /* Fundr_appApp.swift */ = {isa = PBXFileReference; lastKnownFileType = sourcecode.swift; path = Fundr_appApp.swift; sourceTree = "<group>"; };
		F25172952802395F0041FB5D /* ContentView.swift */ = {isa = PBXFileReference; lastKnownFileType = sourcecode.swift; path = ContentView.swift; sourceTree = "<group>"; };
		F25172972802395F0041FB5D /* Assets.xcassets */ = {isa = PBXFileReference; lastKnownFileType = folder.assetcatalog; path = Assets.xcassets; sourceTree = "<group>"; };
		F251729A2802395F0041FB5D /* Preview Assets.xcassets */ = {isa = PBXFileReference; lastKnownFileType = folder.assetcatalog; path = "Preview Assets.xcassets"; sourceTree = "<group>"; };
		F25172A628025CA10041FB5D /* Poppins-ExtraLight.ttf */ = {isa = PBXFileReference; lastKnownFileType = file; path = "Poppins-ExtraLight.ttf"; sourceTree = "<group>"; };
		F25172A728025CA10041FB5D /* Poppins-ThinItalic.ttf */ = {isa = PBXFileReference; lastKnownFileType = file; path = "Poppins-ThinItalic.ttf"; sourceTree = "<group>"; };
		F25172A828025CA10041FB5D /* Poppins-ExtraLightItalic.ttf */ = {isa = PBXFileReference; lastKnownFileType = file; path = "Poppins-ExtraLightItalic.ttf"; sourceTree = "<group>"; };
		F25172A928025CA10041FB5D /* Poppins-BoldItalic.ttf */ = {isa = PBXFileReference; lastKnownFileType = file; path = "Poppins-BoldItalic.ttf"; sourceTree = "<group>"; };
		F25172AA28025CA10041FB5D /* Poppins-Light.ttf */ = {isa = PBXFileReference; lastKnownFileType = file; path = "Poppins-Light.ttf"; sourceTree = "<group>"; };
		F25172AB28025CA10041FB5D /* Poppins-Medium.ttf */ = {isa = PBXFileReference; lastKnownFileType = file; path = "Poppins-Medium.ttf"; sourceTree = "<group>"; };
		F25172AC28025CA10041FB5D /* Poppins-SemiBoldItalic.ttf */ = {isa = PBXFileReference; lastKnownFileType = file; path = "Poppins-SemiBoldItalic.ttf"; sourceTree = "<group>"; };
		F25172AD28025CA10041FB5D /* Poppins-ExtraBoldItalic.ttf */ = {isa = PBXFileReference; lastKnownFileType = file; path = "Poppins-ExtraBoldItalic.ttf"; sourceTree = "<group>"; };
		F25172AE28025CA10041FB5D /* Poppins-ExtraBold.ttf */ = {isa = PBXFileReference; lastKnownFileType = file; path = "Poppins-ExtraBold.ttf"; sourceTree = "<group>"; };
		F25172AF28025CA10041FB5D /* Poppins-BlackItalic.ttf */ = {isa = PBXFileReference; lastKnownFileType = file; path = "Poppins-BlackItalic.ttf"; sourceTree = "<group>"; };
		F25172B028025CA10041FB5D /* Poppins-Regular.ttf */ = {isa = PBXFileReference; lastKnownFileType = file; path = "Poppins-Regular.ttf"; sourceTree = "<group>"; };
		F25172B128025CA10041FB5D /* Poppins-LightItalic.ttf */ = {isa = PBXFileReference; lastKnownFileType = file; path = "Poppins-LightItalic.ttf"; sourceTree = "<group>"; };
		F25172B228025CA10041FB5D /* Poppins-Bold.ttf */ = {isa = PBXFileReference; lastKnownFileType = file; path = "Poppins-Bold.ttf"; sourceTree = "<group>"; };
		F25172B328025CA10041FB5D /* Poppins-Black.ttf */ = {isa = PBXFileReference; lastKnownFileType = file; path = "Poppins-Black.ttf"; sourceTree = "<group>"; };
		F25172B428025CA10041FB5D /* Poppins-Thin.ttf */ = {isa = PBXFileReference; lastKnownFileType = file; path = "Poppins-Thin.ttf"; sourceTree = "<group>"; };
		F25172B528025CA10041FB5D /* Poppins-SemiBold.ttf */ = {isa = PBXFileReference; lastKnownFileType = file; path = "Poppins-SemiBold.ttf"; sourceTree = "<group>"; };
		F25172B628025CA10041FB5D /* Poppins-Italic.ttf */ = {isa = PBXFileReference; lastKnownFileType = file; path = "Poppins-Italic.ttf"; sourceTree = "<group>"; };
		F25172B728025CA10041FB5D /* Poppins-MediumItalic.ttf */ = {isa = PBXFileReference; lastKnownFileType = file; path = "Poppins-MediumItalic.ttf"; sourceTree = "<group>"; };
		F25172CA28025DA80041FB5D /* avatar-29.png */ = {isa = PBXFileReference; lastKnownFileType = image.png; path = "avatar-29.png"; sourceTree = "<group>"; };
		F25172CD280268090041FB5D /* company_card.swift */ = {isa = PBXFileReference; lastKnownFileType = sourcecode.swift; path = company_card.swift; sourceTree = "<group>"; };
		F25172CF280270BA0041FB5D /* data.swift */ = {isa = PBXFileReference; lastKnownFileType = sourcecode.swift; path = data.swift; sourceTree = "<group>"; };
		F25172D12802724E0041FB5D /* network.swift */ = {isa = PBXFileReference; lastKnownFileType = sourcecode.swift; path = network.swift; sourceTree = "<group>"; };
		F25172D32802A7310041FB5D /* bezos.jpg */ = {isa = PBXFileReference; lastKnownFileType = image.jpeg; path = bezos.jpg; sourceTree = "<group>"; };
		F25172D52802B1A60041FB5D /* money.svg */ = {isa = PBXFileReference; lastKnownFileType = text; name = money.svg; path = "../../../../front-end/src/images/money.svg"; sourceTree = "<group>"; };
/* End PBXFileReference section */

/* Begin PBXFrameworksBuildPhase section */
		F251728D2802395F0041FB5D /* Frameworks */ = {
			isa = PBXFrameworksBuildPhase;
			buildActionMask = 2147483647;
			files = (
			);
			runOnlyForDeploymentPostprocessing = 0;
		};
/* End PBXFrameworksBuildPhase section */

/* Begin PBXGroup section */
		F25172872802395E0041FB5D = {
			isa = PBXGroup;
			children = (
				F25172922802395F0041FB5D /* Fundr-app */,
				F25172912802395F0041FB5D /* Products */,
			);
			sourceTree = "<group>";
		};
		F25172912802395F0041FB5D /* Products */ = {
			isa = PBXGroup;
			children = (
				F25172902802395F0041FB5D /* Fundr-app.app */,
			);
			name = Products;
			sourceTree = "<group>";
		};
		F25172922802395F0041FB5D /* Fundr-app */ = {
			isa = PBXGroup;
			children = (
				F25172A528025CA10041FB5D /* fonts */,
				F25172932802395F0041FB5D /* Fundr_appApp.swift */,
				F25172952802395F0041FB5D /* ContentView.swift */,
				F25172CD280268090041FB5D /* company_card.swift */,
				F25172D12802724E0041FB5D /* network.swift */,
				F25172CF280270BA0041FB5D /* data.swift */,
				F25172972802395F0041FB5D /* Assets.xcassets */,
				F25172CC28025DB90041FB5D /* Images */,
				F25172992802395F0041FB5D /* Preview Content */,
			);
			path = "Fundr-app";
			sourceTree = "<group>";
		};
		F25172992802395F0041FB5D /* Preview Content */ = {
			isa = PBXGroup;
			children = (
				F251729A2802395F0041FB5D /* Preview Assets.xcassets */,
			);
			path = "Preview Content";
			sourceTree = "<group>";
		};
		F25172A528025CA10041FB5D /* fonts */ = {
			isa = PBXGroup;
			children = (
				F25172A628025CA10041FB5D /* Poppins-ExtraLight.ttf */,
				F25172A728025CA10041FB5D /* Poppins-ThinItalic.ttf */,
				F25172A828025CA10041FB5D /* Poppins-ExtraLightItalic.ttf */,
				F25172A928025CA10041FB5D /* Poppins-BoldItalic.ttf */,
				F25172AA28025CA10041FB5D /* Poppins-Light.ttf */,
				F25172AB28025CA10041FB5D /* Poppins-Medium.ttf */,
				F25172AC28025CA10041FB5D /* Poppins-SemiBoldItalic.ttf */,
				F25172AD28025CA10041FB5D /* Poppins-ExtraBoldItalic.ttf */,
				F25172AE28025CA10041FB5D /* Poppins-ExtraBold.ttf */,
				F25172AF28025CA10041FB5D /* Poppins-BlackItalic.ttf */,
				F25172B028025CA10041FB5D /* Poppins-Regular.ttf */,
				F25172B128025CA10041FB5D /* Poppins-LightItalic.ttf */,
				F25172B228025CA10041FB5D /* Poppins-Bold.ttf */,
				F25172B328025CA10041FB5D /* Poppins-Black.ttf */,
				F25172B428025CA10041FB5D /* Poppins-Thin.ttf */,
				F25172B528025CA10041FB5D /* Poppins-SemiBold.ttf */,
				F25172B628025CA10041FB5D /* Poppins-Italic.ttf */,
				F25172B728025CA10041FB5D /* Poppins-MediumItalic.ttf */,
			);
			path = fonts;
			sourceTree = "<group>";
		};
		F25172CC28025DB90041FB5D /* Images */ = {
			isa = PBXGroup;
			children = (
				F25172D52802B1A60041FB5D /* money.svg */,
				F25172D32802A7310041FB5D /* bezos.jpg */,
				F25172CA28025DA80041FB5D /* avatar-29.png */,
			);
			path = Images;
			sourceTree = "<group>";
		};
/* End PBXGroup section */

/* Begin PBXNativeTarget section */
		F251728F2802395F0041FB5D /* Fundr-app */ = {
			isa = PBXNativeTarget;
			buildConfigurationList = F251729E2802395F0041FB5D /* Build configuration list for PBXNativeTarget "Fundr-app" */;
			buildPhases = (
				F251728C2802395F0041FB5D /* Sources */,
				F251728D2802395F0041FB5D /* Frameworks */,
				F251728E2802395F0041FB5D /* Resources */,
			);
			buildRules = (
			);
			dependencies = (
			);
			name = "Fundr-app";
			productName = "Fundr-app";
			productReference = F25172902802395F0041FB5D /* Fundr-app.app */;
			productType = "com.apple.product-type.application";
		};
/* End PBXNativeTarget section */

/* Begin PBXProject section */
		F25172882802395E0041FB5D /* Project object */ = {
			isa = PBXProject;
			attributes = {
				BuildIndependentTargetsInParallel = 1;
				LastSwiftUpdateCheck = 1330;
				LastUpgradeCheck = 1330;
				TargetAttributes = {
					F251728F2802395F0041FB5D = {
						CreatedOnToolsVersion = 13.3;
					};
				};
			};
			buildConfigurationList = F251728B2802395E0041FB5D /* Build configuration list for PBXProject "Fundr-app" */;
			compatibilityVersion = "Xcode 13.0";
			developmentRegion = en;
			hasScannedForEncodings = 0;
			knownRegions = (
				en,
				Base,
			);
			mainGroup = F25172872802395E0041FB5D;
			productRefGroup = F25172912802395F0041FB5D /* Products */;
			projectDirPath = "";
			projectRoot = "";
			targets = (
				F251728F2802395F0041FB5D /* Fundr-app */,
			);
		};
/* End PBXProject section */

/* Begin PBXResourcesBuildPhase section */
		F251728E2802395F0041FB5D /* Resources */ = {
			isa = PBXResourcesBuildPhase;
			buildActionMask = 2147483647;
			files = (
				F25172C528025CA10041FB5D /* Poppins-Black.ttf in Resources */,
				F25172BC28025CA10041FB5D /* Poppins-Light.ttf in Resources */,
				F25172B828025CA10041FB5D /* Poppins-ExtraLight.ttf in Resources */,
				F25172C628025CA10041FB5D /* Poppins-Thin.ttf in Resources */,
				F25172C828025CA10041FB5D /* Poppins-Italic.ttf in Resources */,
				F25172D42802A7310041FB5D /* bezos.jpg in Resources */,
				F25172C228025CA10041FB5D /* Poppins-Regular.ttf in Resources */,
				F25172B928025CA10041FB5D /* Poppins-ThinItalic.ttf in Resources */,
				F25172BA28025CA10041FB5D /* Poppins-ExtraLightItalic.ttf in Resources */,
				F25172C128025CA10041FB5D /* Poppins-BlackItalic.ttf in Resources */,
				F25172C928025CA10041FB5D /* Poppins-MediumItalic.ttf in Resources */,
				F25172BF28025CA10041FB5D /* Poppins-ExtraBoldItalic.ttf in Resources */,
				F25172C428025CA10041FB5D /* Poppins-Bold.ttf in Resources */,
				F25172CB28025DA80041FB5D /* avatar-29.png in Resources */,
				F25172BB28025CA10041FB5D /* Poppins-BoldItalic.ttf in Resources */,
				F25172BE28025CA10041FB5D /* Poppins-SemiBoldItalic.ttf in Resources */,
				F25172C328025CA10041FB5D /* Poppins-LightItalic.ttf in Resources */,
				F25172C028025CA10041FB5D /* Poppins-ExtraBold.ttf in Resources */,
				F25172BD28025CA10041FB5D /* Poppins-Medium.ttf in Resources */,
				F25172C728025CA10041FB5D /* Poppins-SemiBold.ttf in Resources */,
				F251729B2802395F0041FB5D /* Preview Assets.xcassets in Resources */,
				F25172982802395F0041FB5D /* Assets.xcassets in Resources */,
			);
			runOnlyForDeploymentPostprocessing = 0;
		};
/* End PBXResourcesBuildPhase section */

/* Begin PBXSourcesBuildPhase section */
		F251728C2802395F0041FB5D /* Sources */ = {
			isa = PBXSourcesBuildPhase;
			buildActionMask = 2147483647;
			files = (
				F25172962802395F0041FB5D /* ContentView.swift in Sources */,
				F25172942802395F0041FB5D /* Fundr_appApp.swift in Sources */,
				F25172D22802724E0041FB5D /* network.swift in Sources */,
				F25172CE280268090041FB5D /* company_card.swift in Sources */,
				F25172D0280270BA0041FB5D /* data.swift in Sources */,
			);
			runOnlyForDeploymentPostprocessing = 0;
		};
/* End PBXSourcesBuildPhase section */

/* Begin XCBuildConfiguration section */
		F251729C2802395F0041FB5D /* Debug */ = {
			isa = XCBuildConfiguration;
			buildSettings = {
				ALWAYS_SEARCH_USER_PATHS = NO;
				CLANG_ANALYZER_NONNULL = YES;
				CLANG_ANALYZER_NUMBER_OBJECT_CONVERSION = YES_AGGRESSIVE;
				CLANG_CXX_LANGUAGE_STANDARD = "gnu++17";
				CLANG_ENABLE_MODULES = YES;
				CLANG_ENABLE_OBJC_ARC = YES;
				CLANG_ENABLE_OBJC_WEAK = YES;
				CLANG_WARN_BLOCK_CAPTURE_AUTORELEASING = YES;
				CLANG_WARN_BOOL_CONVERSION = YES;
				CLANG_WARN_COMMA = YES;
				CLANG_WARN_CONSTANT_CONVERSION = YES;
				CLANG_WARN_DEPRECATED_OBJC_IMPLEMENTATIONS = YES;
				CLANG_WARN_DIRECT_OBJC_ISA_USAGE = YES_ERROR;
				CLANG_WARN_DOCUMENTATION_COMMENTS = YES;
				CLANG_WARN_EMPTY_BODY = YES;
				CLANG_WARN_ENUM_CONVERSION = YES;
				CLANG_WARN_INFINITE_RECURSION = YES;
				CLANG_WARN_INT_CONVERSION = YES;
				CLANG_WARN_NON_LITERAL_NULL_CONVERSION = YES;
				CLANG_WARN_OBJC_IMPLICIT_RETAIN_SELF = YES;
				CLANG_WARN_OBJC_LITERAL_CONVERSION = YES;
				CLANG_WARN_OBJC_ROOT_CLASS = YES_ERROR;
				CLANG_WARN_QUOTED_INCLUDE_IN_FRAMEWORK_HEADER = YES;
				CLANG_WARN_RANGE_LOOP_ANALYSIS = YES;
				CLANG_WARN_STRICT_PROTOTYPES = YES;
				CLANG_WARN_SUSPICIOUS_MOVE = YES;
				CLANG_WARN_UNGUARDED_AVAILABILITY = YES_AGGRESSIVE;
				CLANG_WARN_UNREACHABLE_CODE = YES;
				CLANG_WARN__DUPLICATE_METHOD_MATCH = YES;
				COPY_PHASE_STRIP = NO;
				DEBUG_INFORMATION_FORMAT = dwarf;
				ENABLE_STRICT_OBJC_MSGSEND = YES;
				ENABLE_TESTABILITY = YES;
				GCC_C_LANGUAGE_STANDARD = gnu11;
				GCC_DYNAMIC_NO_PIC = NO;
				GCC_NO_COMMON_BLOCKS = YES;
				GCC_OPTIMIZATION_LEVEL = 0;
				GCC_PREPROCESSOR_DEFINITIONS = (
					"DEBUG=1",
					"$(inherited)",
				);
				GCC_WARN_64_TO_32_BIT_CONVERSION = YES;
				GCC_WARN_ABOUT_RETURN_TYPE = YES_ERROR;
				GCC_WARN_UNDECLARED_SELECTOR = YES;
				GCC_WARN_UNINITIALIZED_AUTOS = YES_AGGRESSIVE;
				GCC_WARN_UNUSED_FUNCTION = YES;
				GCC_WARN_UNUSED_VARIABLE = YES;
				IPHONEOS_DEPLOYMENT_TARGET = 15.0;
				MTL_ENABLE_DEBUG_INFO = INCLUDE_SOURCE;
				MTL_FAST_MATH = YES;
				ONLY_ACTIVE_ARCH = YES;
				SDKROOT = iphoneos;
				SWIFT_ACTIVE_COMPILATION_CONDITIONS = DEBUG;
				SWIFT_OPTIMIZATION_LEVEL = "-Onone";
			};
			name = Debug;
		};
		F251729D2802395F0041FB5D /* Release */ = {
			isa = XCBuildConfiguration;
			buildSettings = {
				ALWAYS_SEARCH_USER_PATHS = NO;
				CLANG_ANALYZER_NONNULL = YES;
				CLANG_ANALYZER_NUMBER_OBJECT_CONVERSION = YES_AGGRESSIVE;
				CLANG_CXX_LANGUAGE_STANDARD = "gnu++17";
				CLANG_ENABLE_MODULES = YES;
				CLANG_ENABLE_OBJC_ARC = YES;
				CLANG_ENABLE_OBJC_WEAK = YES;
				CLANG_WARN_BLOCK_CAPTURE_AUTORELEASING = YES;
				CLANG_WARN_BOOL_CONVERSION = YES;
				CLANG_WARN_COMMA = YES;
				CLANG_WARN_CONSTANT_CONVERSION = YES;
				CLANG_WARN_DEPRECATED_OBJC_IMPLEMENTATIONS = YES;
				CLANG_WARN_DIRECT_OBJC_ISA_USAGE = YES_ERROR;
				CLANG_WARN_DOCUMENTATION_COMMENTS = YES;
				CLANG_WARN_EMPTY_BODY = YES;
				CLANG_WARN_ENUM_CONVERSION = YES;
				CLANG_WARN_INFINITE_RECURSION = YES;
				CLANG_WARN_INT_CONVERSION = YES;
				CLANG_WARN_NON_LITERAL_NULL_CONVERSION = YES;
				CLANG_WARN_OBJC_IMPLICIT_RETAIN_SELF = YES;
				CLANG_WARN_OBJC_LITERAL_CONVERSION = YES;
				CLANG_WARN_OBJC_ROOT_CLASS = YES_ERROR;
				CLANG_WARN_QUOTED_INCLUDE_IN_FRAMEWORK_HEADER = YES;
				CLANG_WARN_RANGE_LOOP_ANALYSIS = YES;
				CLANG_WARN_STRICT_PROTOTYPES = YES;
				CLANG_WARN_SUSPICIOUS_MOVE = YES;
				CLANG_WARN_UNGUARDED_AVAILABILITY = YES_AGGRESSIVE;
				CLANG_WARN_UNREACHABLE_CODE = YES;
				CLANG_WARN__DUPLICATE_METHOD_MATCH = YES;
				COPY_PHASE_STRIP = NO;
				DEBUG_INFORMATION_FORMAT = "dwarf-with-dsym";
				ENABLE_NS_ASSERTIONS = NO;
				ENABLE_STRICT_OBJC_MSGSEND = YES;
				GCC_C_LANGUAGE_STANDARD = gnu11;
				GCC_NO_COMMON_BLOCKS = YES;
				GCC_WARN_64_TO_32_BIT_CONVERSION = YES;
				GCC_WARN_ABOUT_RETURN_TYPE = YES_ERROR;
				GCC_WARN_UNDECLARED_SELECTOR = YES;
				GCC_WARN_UNINITIALIZED_AUTOS = YES_AGGRESSIVE;
				GCC_WARN_UNUSED_FUNCTION = YES;
				GCC_WARN_UNUSED_VARIABLE = YES;
				IPHONEOS_DEPLOYMENT_TARGET = 15.0;
				MTL_ENABLE_DEBUG_INFO = NO;
				MTL_FAST_MATH = YES;
				SDKROOT = iphoneos;
				SWIFT_COMPILATION_MODE = wholemodule;
				SWIFT_OPTIMIZATION_LEVEL = "-O";
				VALIDATE_PRODUCT = YES;
			};
			name = Release;
		};
		F251729F2802395F0041FB5D /* Debug */ = {
			isa = XCBuildConfiguration;
			buildSettings = {
				ASSETCATALOG_COMPILER_APPICON_NAME = AppIcon;
				ASSETCATALOG_COMPILER_GLOBAL_ACCENT_COLOR_NAME = AccentColor;
				CODE_SIGN_STYLE = Automatic;
				CURRENT_PROJECT_VERSION = 1;
				DEVELOPMENT_ASSET_PATHS = "\"Fundr-app/Preview Content\"";
				DEVELOPMENT_TEAM = KCBAXZFAK6;
				ENABLE_PREVIEWS = YES;
				GENERATE_INFOPLIST_FILE = YES;
				INFOPLIST_FILE = "Fundr-app/Info.plist";
				INFOPLIST_KEY_CFBundleDisplayName = "";
				INFOPLIST_KEY_UIApplicationSceneManifest_Generation = YES;
				INFOPLIST_KEY_UIApplicationSupportsIndirectInputEvents = YES;
				INFOPLIST_KEY_UILaunchScreen_Generation = YES;
				INFOPLIST_KEY_UISupportedInterfaceOrientations_iPad = "UIInterfaceOrientationPortrait UIInterfaceOrientationPortraitUpsideDown UIInterfaceOrientationLandscapeLeft UIInterfaceOrientationLandscapeRight";
				INFOPLIST_KEY_UISupportedInterfaceOrientations_iPhone = "UIInterfaceOrientationPortrait UIInterfaceOrientationLandscapeLeft UIInterfaceOrientationLandscapeRight";
				LD_RUNPATH_SEARCH_PATHS = (
					"$(inherited)",
					"@executable_path/Frameworks",
				);
				MARKETING_VERSION = 1.0;
				PRODUCT_BUNDLE_IDENTIFIER = "app.netlify.Fundr-app";
				PRODUCT_NAME = "$(TARGET_NAME)";
				SWIFT_EMIT_LOC_STRINGS = YES;
				SWIFT_VERSION = 5.0;
				TARGETED_DEVICE_FAMILY = "1,2";
			};
			name = Debug;
		};
		F25172A02802395F0041FB5D /* Release */ = {
			isa = XCBuildConfiguration;
			buildSettings = {
				ASSETCATALOG_COMPILER_APPICON_NAME = AppIcon;
				ASSETCATALOG_COMPILER_GLOBAL_ACCENT_COLOR_NAME = AccentColor;
				CODE_SIGN_STYLE = Automatic;
				CURRENT_PROJECT_VERSION = 1;
				DEVELOPMENT_ASSET_PATHS = "\"Fundr-app/Preview Content\"";
				DEVELOPMENT_TEAM = KCBAXZFAK6;
				ENABLE_PREVIEWS = YES;
				GENERATE_INFOPLIST_FILE = YES;
				INFOPLIST_FILE = "Fundr-app/Info.plist";
				INFOPLIST_KEY_CFBundleDisplayName = "";
				INFOPLIST_KEY_UIApplicationSceneManifest_Generation = YES;
				INFOPLIST_KEY_UIApplicationSupportsIndirectInputEvents = YES;
				INFOPLIST_KEY_UILaunchScreen_Generation = YES;
				INFOPLIST_KEY_UISupportedInterfaceOrientations_iPad = "UIInterfaceOrientationPortrait UIInterfaceOrientationPortraitUpsideDown UIInterfaceOrientationLandscapeLeft UIInterfaceOrientationLandscapeRight";
				INFOPLIST_KEY_UISupportedInterfaceOrientations_iPhone = "UIInterfaceOrientationPortrait UIInterfaceOrientationLandscapeLeft UIInterfaceOrientationLandscapeRight";
				LD_RUNPATH_SEARCH_PATHS = (
					"$(inherited)",
					"@executable_path/Frameworks",
				);
				MARKETING_VERSION = 1.0;
				PRODUCT_BUNDLE_IDENTIFIER = "app.netlify.Fundr-app";
				PRODUCT_NAME = "$(TARGET_NAME)";
				SWIFT_EMIT_LOC_STRINGS = YES;
				SWIFT_VERSION = 5.0;
				TARGETED_DEVICE_FAMILY = "1,2";
			};
			name = Release;
		};
/* End XCBuildConfiguration section */

/* Begin XCConfigurationList section */
		F251728B2802395E0041FB5D /* Build configuration list for PBXProject "Fundr-app" */ = {
			isa = XCConfigurationList;
			buildConfigurations = (
				F251729C2802395F0041FB5D /* Debug */,
				F251729D2802395F0041FB5D /* Release */,
			);
			defaultConfigurationIsVisible = 0;
			defaultConfigurationName = Release;
		};
		F251729E2802395F0041FB5D /* Build configuration list for PBXNativeTarget "Fundr-app" */ = {
			isa = XCConfigurationList;
			buildConfigurations = (
				F251729F2802395F0041FB5D /* Debug */,
				F25172A02802395F0041FB5D /* Release */,
			);
			defaultConfigurationIsVisible = 0;
			defaultConfigurationName = Release;
		};
/* End XCConfigurationList section */
	};
	rootObject = F25172882802395E0041FB5D /* Project object */;
}
